
Microsoft Visual Studio Solution File, Format Version 12.00
# Visual Studio Version 17
VisualStudioVersion = 17.8.34330.188
MinimumVisualStudioVersion = 10.0.40219.1
Project("{FAE04EC0-301F-11D3-BF4B-00C04F79EFBC}") = "webdb", "webdb.csproj", "{2D1CDD0C-FBC5-46CF-931D-9836855DAAAD}"
EndProject
Global
	GlobalSection(SolutionConfigurationPlatforms) = preSolution
		Debug|Any CPU = Debug|Any CPU
		Release|Any CPU = Release|Any CPU
	EndGlobalSection
	GlobalSection(ProjectConfigurationPlatforms) = postSolution
		{2D1CDD0C-FBC5-46CF-931D-9836855DAAAD}.Debug|Any CPU.ActiveCfg = Debug|Any CPU
		{2D1CDD0C-FBC5-46CF-931D-9836855DAAAD}.Debug|Any CPU.Build.0 = Debug|Any CPU
		{2D1CDD0C-FBC5-46CF-931D-9836855DAAAD}.Release|Any CPU.ActiveCfg = Release|Any CPU
		{2D1CDD0C-FBC5-46CF-931D-9836855DAAAD}.Release|Any CPU.Build.0 = Release|Any CPU
	EndGlobalSection
	GlobalSection(SolutionProperties) = preSolution
		HideSolutionNode = FALSE
	EndGlobalSection
	GlobalSection(ExtensibilityGlobals) = postSolution
		SolutionGuid = {097F89B8-640E-4897-ACA0-3C816ACE6E54}
	EndGlobalSection
EndGlobal
